<?xml version="1.0" encoding="utf-8"?>
<Project ToolsVersion="4.0" xmlns="http://schemas.microsoft.com/developer/msbuild/2003">
  <ItemGroup>
    <Filter Include="Source Files">
      <UniqueIdentifier>{4FC737F1-C7A5-4376-A066-2A32D752A2FF}</UniqueIdentifier>
      <Extensions>cpp;c;cc;cxx;def;odl;idl;hpj;bat;asm;asmx</Extensions>
    </Filter>
    <Filter Include="Header Files">
      <UniqueIdentifier>{93995380-89BD-4b04-88EB-625FBE52EBFB}</UniqueIdentifier>
      <Extensions>h;hh;hpp;hxx;hm;inl;inc;xsd</Extensions>
    </Filter>
    <Filter Include="Resource Files">
      <UniqueIdentifier>{67DA6AB6-F800-4c08-8B7A-83BB121AAD01}</UniqueIdentifier>
      <Extensions>rc;ico;cur;bmp;dlg;rc2;rct;bin;rgs;gif;jpg;jpeg;jpe;resx;tiff;tif;png;wav;mfcribbon-ms</Extensions>
    </Filter>
  </ItemGroup>
  <ItemGroup>
    <ClCompile Include="Source.cpp">
      <Filter>Source Files</Filter>
    </ClCompile>
    <ClCompile Include="GameTimer.cpp">
      <Filter>Source Files</Filter>
    </ClCompile>
    <ClCompile Include="ObjModelClass.cpp">
      <Filter>Source Files</Filter>
    </ClCompile>
    <ClCompile Include="TextureClass.cpp">
      <Filter>Source Files</Filter>
    </ClCompile>
    <ClCompile Include="SpotLightClass.cpp">
      <Filter>Source Files</Filter>
    </ClCompile>
    <ClCompile Include="RenderToTextureClass.cpp">
      <Filter>Source Files</Filter>
    </ClCompile>
    <ClCompile Include="DepthShaderClass.cpp">
      <Filter>Source Files</Filter>
    </ClCompile>
    <ClCompile Include="DebuggingLineClass.cpp">
      <Filter>Source Files</Filter>
    </ClCompile>
    <ClCompile Include="OrthowindowClass.cpp">
      <Filter>Source Files</Filter>
    </ClCompile>
    <ClCompile Include="VerticalBlurShaderClass.cpp">
      <Filter>Source Files</Filter>
    </ClCompile>
    <ClCompile Include="HorizontialBlurShaderClass.cpp">
      <Filter>Source Files</Filter>
    </ClCompile>
    <ClCompile Include="ShadowShaderClass.cpp">
      <Filter>Source Files</Filter>
    </ClCompile>
    <ClCompile Include="BlackWhiteShadowShaderClass.cpp">
      <Filter>Source Files</Filter>
    </ClCompile>
    <ClCompile Include="TextureShaderClass.cpp">
      <Filter>Source Files</Filter>
    </ClCompile>
    <ClCompile Include="PhongShaderClass.cpp">
      <Filter>Source Files</Filter>
    </ClCompile>
    <ClCompile Include="TerrainClass.cpp">
      <Filter>Source Files</Filter>
    </ClCompile>
    <ClCompile Include="TerrainShaderClass.cpp">
      <Filter>Source Files</Filter>
    </ClCompile>
    <ClCompile Include="EnvironmentClass.cpp">
      <Filter>Source Files</Filter>
    </ClCompile>
    <ClCompile Include="EnvironmentShaderClass.cpp">
      <Filter>Source Files</Filter>
    </ClCompile>
    <ClCompile Include="SkyBoxClass.cpp">
      <Filter>Source Files</Filter>
    </ClCompile>
    <ClCompile Include="SkyBoxShaderClass.cpp">
      <Filter>Source Files</Filter>
    </ClCompile>
  </ItemGroup>
  <ItemGroup>
    <ClInclude Include="GameTimer.h">
      <Filter>Header Files</Filter>
    </ClInclude>
    <ClInclude Include="Defines.h">
      <Filter>Header Files</Filter>
    </ClInclude>
    <ClInclude Include="Mathfunc.h">
      <Filter>Header Files</Filter>
    </ClInclude>
    <ClInclude Include="ObjModelClass.h">
      <Filter>Header Files</Filter>
    </ClInclude>
    <ClInclude Include="TextureClass.h">
      <Filter>Header Files</Filter>
    </ClInclude>
    <ClInclude Include="SpotLightClass.h">
      <Filter>Header Files</Filter>
    </ClInclude>
    <ClInclude Include="RenderToTextureClass.h">
      <Filter>Header Files</Filter>
    </ClInclude>
    <ClInclude Include="DepthShaderClass.h">
      <Filter>Header Files</Filter>
    </ClInclude>
    <ClInclude Include="DebuggingLineClass.h">
      <Filter>Header Files</Filter>
    </ClInclude>
    <ClInclude Include="VerticalBlurShaderClass.h">
      <Filter>Header Files</Filter>
    </ClInclude>
    <ClInclude Include="HorizontialBlurShaderClass.h">
      <Filter>Header Files</Filter>
    </ClInclude>
    <ClInclude Include="OrthowindowClass.h">
      <Filter>Header Files</Filter>
    </ClInclude>
    <ClInclude Include="ShadowShaderClass.h">
      <Filter>Header Files</Filter>
    </ClInclude>
    <ClInclude Include="BlackWhiteShadowShaderClass.h">
      <Filter>Header Files</Filter>
    </ClInclude>
    <ClInclude Include="TextureShaderClass.h">
      <Filter>Header Files</Filter>
    </ClInclude>
    <ClInclude Include="PhongShaderClass.h">
      <Filter>Header Files</Filter>
    </ClInclude>
    <ClInclude Include="TerrainShaderClass.h">
      <Filter>Header Files</Filter>
    </ClInclude>
    <ClInclude Include="TerrainClass.h">
      <Filter>Header Files</Filter>
    </ClInclude>
    <ClInclude Include="EnvironmentClass.h">
      <Filter>Header Files</Filter>
    </ClInclude>
    <ClInclude Include="EnvironmentShaderClass.h">
      <Filter>Header Files</Filter>
    </ClInclude>
    <ClInclude Include="SkyBoxClass.h">
      <Filter>Header Files</Filter>
    </ClInclude>
    <ClInclude Include="SkyBoxShaderClass.h">
      <Filter>Header Files</Filter>
    </ClInclude>
  </ItemGroup>
  <ItemGroup>
    <FxCompile Include="Shader.fx">
      <Filter>Source Files</Filter>
    </FxCompile>
    <FxCompile Include="TerrainShader.fx">
      <Filter>Source Files</Filter>
    </FxCompile>
    <FxCompile Include="PhongTessel.fx">
      <Filter>Source Files</Filter>
    </FxCompile>
    <FxCompile Include="DepthShader.fx">
      <Filter>Source Files</Filter>
    </FxCompile>
    <FxCompile Include="DebugingLineShader.fx">
      <Filter>Source Files</Filter>
    </FxCompile>
    <FxCompile Include="VerticalBlurShader.fx">
      <Filter>Source Files</Filter>
    </FxCompile>
    <FxCompile Include="HorizontalBlurShader.fx">
      <Filter>Source Files</Filter>
    </FxCompile>
    <FxCompile Include="BlackWhiteShadowShader.fx">
      <Filter>Source Files</Filter>
    </FxCompile>
    <FxCompile Include="TextureShader.fx">
      <Filter>Source Files</Filter>
    </FxCompile>
    <FxCompile Include="LightShader.fx">
      <Filter>Source Files</Filter>
    </FxCompile>
    <FxCompile Include="EnvironmentShader.fx">
      <Filter>Source Files</Filter>
    </FxCompile>
    <FxCompile Include="SkyBoxShader.fx">
      <Filter>Source Files</Filter>
    </FxCompile>
  </ItemGroup>
</Project>